# This file was autogenerated by Stack.
# You should not edit this file by hand.
# For more information, please see the documentation at:
#   https://docs.haskellstack.org/en/stable/lock_files

packages:
- completed:
    name: hasktorch
    pantry-tree:
      sha256: e8d9e564dd14911fec003a402e17c4281290512f9e36e5deec58318ef5fd3440
      size: 8479
    sha256: 23451e09d0564e0c430febd532422a8ddc1e9d0b1131c54a378835c43893734f
    size: 877391
    subdir: hasktorch
    url: https://github.com/hasktorch/hasktorch/archive/ab8d09cb147eab39d096876d1b954bcf0be08191.tar.gz
    version: 0.2.0.0
  original:
    subdir: hasktorch
    url: https://github.com/hasktorch/hasktorch/archive/ab8d09cb147eab39d096876d1b954bcf0be08191.tar.gz
- completed:
    name: libtorch-ffi
    pantry-tree:
      sha256: 1c1557f00a359c40366b548ef9f1dd0c21a5efb85d21870fc974a158e2c13f47
      size: 9576
    sha256: 23451e09d0564e0c430febd532422a8ddc1e9d0b1131c54a378835c43893734f
    size: 877391
    subdir: libtorch-ffi
    url: https://github.com/hasktorch/hasktorch/archive/ab8d09cb147eab39d096876d1b954bcf0be08191.tar.gz
    version: 2.0.0.0
  original:
    subdir: libtorch-ffi
    url: https://github.com/hasktorch/hasktorch/archive/ab8d09cb147eab39d096876d1b954bcf0be08191.tar.gz
- completed:
    name: libtorch-ffi-helper
    pantry-tree:
      sha256: 157f288eeb49ee5842432c8816507fc1845b85e7bdc2902e23deb4a5e6b0c33e
      size: 214
    sha256: 23451e09d0564e0c430febd532422a8ddc1e9d0b1131c54a378835c43893734f
    size: 877391
    subdir: libtorch-ffi-helper
    url: https://github.com/hasktorch/hasktorch/archive/ab8d09cb147eab39d096876d1b954bcf0be08191.tar.gz
    version: 2.0.0.0
  original:
    subdir: libtorch-ffi-helper
    url: https://github.com/hasktorch/hasktorch/archive/ab8d09cb147eab39d096876d1b954bcf0be08191.tar.gz
snapshots:
- completed:
    sha256: 6a553c5fa4f211a9b639da5e5359124a93627852dd9967bed202fdd71b25f15e
    size: 720021
    url: https://raw.githubusercontent.com/commercialhaskell/stackage-snapshots/master/lts/22/36.yaml
  original: lts-22.36
