# This file was autogenerated by Stack.
# You should not edit this file by hand.
# For more information, please see the documentation at:
#   https://docs.haskellstack.org/en/stable/lock_files

packages:
- completed:
    name: hasktorch
    pantry-tree:
      sha256: e8d9e564dd14911fec003a402e17c4281290512f9e36e5deec58318ef5fd3440
      size: 8479
    sha256: abf1d12d21c6224da4246e249252e444b978eb061ac8b717d8d439aa4b787a25
    size: 886746
    subdir: hasktorch
    url: https://github.com/hasktorch/hasktorch/archive/05ce666cf76ff462c884e92ba9b37b5f8cf82a8e.tar.gz
    version: 0.2.0.0
  original:
    subdir: hasktorch
    url: https://github.com/hasktorch/hasktorch/archive/05ce666cf76ff462c884e92ba9b37b5f8cf82a8e.tar.gz
- completed:
    name: libtorch-ffi
    pantry-tree:
      sha256: f054f0629cba9cc3b1636148d522375cc86763acc0a5fc3caf000fcd67ea8600
      size: 9512
    sha256: abf1d12d21c6224da4246e249252e444b978eb061ac8b717d8d439aa4b787a25
    size: 886746
    subdir: libtorch-ffi
    url: https://github.com/hasktorch/hasktorch/archive/05ce666cf76ff462c884e92ba9b37b5f8cf82a8e.tar.gz
    version: 2.0.0.0
  original:
    subdir: libtorch-ffi
    url: https://github.com/hasktorch/hasktorch/archive/05ce666cf76ff462c884e92ba9b37b5f8cf82a8e.tar.gz
- completed:
    name: libtorch-ffi-helper
    pantry-tree:
      sha256: 157f288eeb49ee5842432c8816507fc1845b85e7bdc2902e23deb4a5e6b0c33e
      size: 214
    sha256: abf1d12d21c6224da4246e249252e444b978eb061ac8b717d8d439aa4b787a25
    size: 886746
    subdir: libtorch-ffi-helper
    url: https://github.com/hasktorch/hasktorch/archive/05ce666cf76ff462c884e92ba9b37b5f8cf82a8e.tar.gz
    version: 2.0.0.0
  original:
    subdir: libtorch-ffi-helper
    url: https://github.com/hasktorch/hasktorch/archive/05ce666cf76ff462c884e92ba9b37b5f8cf82a8e.tar.gz
snapshots:
- completed:
    sha256: 629fdd46125079fa6d355106005b2ab88bd39332169dd416fda06d5c0aaa63e2
    size: 713332
    url: https://raw.githubusercontent.com/commercialhaskell/stackage-snapshots/master/lts/22/17.yaml
  original: lts-22.17
